// !$*UTF8*$!
{
	archiveVersion = 1;
	classes = {
	};
	objectVersion = 56;
	objects = {

/* Begin PBXBuildFile section */
		2F0DFD962AFA902F0085A9D1 /* TimerView.swift in Sources */ = {isa = PBXBuildFile; fileRef = 2F0DFD952AFA902F0085A9D1 /* TimerView.swift */; };
		2F8DA3672AFC01CD009B1412 /* PomodoroView.swift in Sources */ = {isa = PBXBuildFile; fileRef = 2F8DA3662AFC01CD009B1412 /* PomodoroView.swift */; };
		2F8DA3692AFC01DB009B1412 /* BreakView.swift in Sources */ = {isa = PBXBuildFile; fileRef = 2F8DA3682AFC01DB009B1412 /* BreakView.swift */; };
		2FA730FA2AF80ACF00346089 /* StopwatchView.swift in Sources */ = {isa = PBXBuildFile; fileRef = 2FA730F92AF80ACF00346089 /* StopwatchView.swift */; };
		2FA730FC2AF8151D00346089 /* FocusView.swift in Sources */ = {isa = PBXBuildFile; fileRef = 2FA730FB2AF8151D00346089 /* FocusView.swift */; };
		2FAD0F2E2AF9593A00A53935 /* SettingsView.swift in Sources */ = {isa = PBXBuildFile; fileRef = 2FAD0F2D2AF9593A00A53935 /* SettingsView.swift */; };
		2FB61D762AFC0E3E0033D82D /* StopwatchManager.swift in Sources */ = {isa = PBXBuildFile; fileRef = 2FB61D752AFC0E3E0033D82D /* StopwatchManager.swift */; };
		2FD4C97D2AF7F9AD007E381B /* TickTack.swift in Sources */ = {isa = PBXBuildFile; fileRef = 2FD4C97C2AF7F9AD007E381B /* TickTack.swift */; };
		2FD4C97F2AF7F9AD007E381B /* ContentView.swift in Sources */ = {isa = PBXBuildFile; fileRef = 2FD4C97E2AF7F9AD007E381B /* ContentView.swift */; };
		2FD4C9812AF7F9AE007E381B /* Assets.xcassets in Resources */ = {isa = PBXBuildFile; fileRef = 2FD4C9802AF7F9AE007E381B /* Assets.xcassets */; };
		2FD4C9852AF7F9AE007E381B /* Preview Assets.xcassets in Resources */ = {isa = PBXBuildFile; fileRef = 2FD4C9842AF7F9AE007E381B /* Preview Assets.xcassets */; };
		2FD4C98D2AF7FC49007E381B /* AboutView.swift in Sources */ = {isa = PBXBuildFile; fileRef = 2FD4C98C2AF7FC49007E381B /* AboutView.swift */; };
/* End PBXBuildFile section */

/* Begin PBXFileReference section */
		2F0DFD952AFA902F0085A9D1 /* TimerView.swift */ = {isa = PBXFileReference; lastKnownFileType = sourcecode.swift; path = TimerView.swift; sourceTree = "<group>"; };
		2F8DA3662AFC01CD009B1412 /* PomodoroView.swift */ = {isa = PBXFileReference; lastKnownFileType = sourcecode.swift; path = PomodoroView.swift; sourceTree = "<group>"; };
		2F8DA3682AFC01DB009B1412 /* BreakView.swift */ = {isa = PBXFileReference; lastKnownFileType = sourcecode.swift; path = BreakView.swift; sourceTree = "<group>"; };
		2FA730F92AF80ACF00346089 /* StopwatchView.swift */ = {isa = PBXFileReference; lastKnownFileType = sourcecode.swift; path = StopwatchView.swift; sourceTree = "<group>"; };
		2FA730FB2AF8151D00346089 /* FocusView.swift */ = {isa = PBXFileReference; lastKnownFileType = sourcecode.swift; path = FocusView.swift; sourceTree = "<group>"; };
		2FAD0F2D2AF9593A00A53935 /* SettingsView.swift */ = {isa = PBXFileReference; lastKnownFileType = sourcecode.swift; path = SettingsView.swift; sourceTree = "<group>"; };
		2FB61D752AFC0E3E0033D82D /* StopwatchManager.swift */ = {isa = PBXFileReference; lastKnownFileType = sourcecode.swift; path = StopwatchManager.swift; sourceTree = "<group>"; };
		2FD4C9792AF7F9AD007E381B /* Tick Tack.app */ = {isa = PBXFileReference; explicitFileType = wrapper.application; includeInIndex = 0; path = "Tick Tack.app"; sourceTree = BUILT_PRODUCTS_DIR; };
		2FD4C97C2AF7F9AD007E381B /* TickTack.swift */ = {isa = PBXFileReference; lastKnownFileType = sourcecode.swift; path = TickTack.swift; sourceTree = "<group>"; };
		2FD4C97E2AF7F9AD007E381B /* ContentView.swift */ = {isa = PBXFileReference; lastKnownFileType = sourcecode.swift; path = ContentView.swift; sourceTree = "<group>"; };
		2FD4C9802AF7F9AE007E381B /* Assets.xcassets */ = {isa = PBXFileReference; lastKnownFileType = folder.assetcatalog; path = Assets.xcassets; sourceTree = "<group>"; };
		2FD4C9822AF7F9AE007E381B /* Tick_Tack.entitlements */ = {isa = PBXFileReference; lastKnownFileType = text.plist.entitlements; path = Tick_Tack.entitlements; sourceTree = "<group>"; };
		2FD4C9842AF7F9AE007E381B /* Preview Assets.xcassets */ = {isa = PBXFileReference; lastKnownFileType = folder.assetcatalog; path = "Preview Assets.xcassets"; sourceTree = "<group>"; };
		2FD4C98C2AF7FC49007E381B /* AboutView.swift */ = {isa = PBXFileReference; lastKnownFileType = sourcecode.swift; path = AboutView.swift; sourceTree = "<group>"; };
/* End PBXFileReference section */

/* Begin PBXFrameworksBuildPhase section */
		2FD4C9762AF7F9AD007E381B /* Frameworks */ = {
			isa = PBXFrameworksBuildPhase;
			buildActionMask = 2147483647;
			files = (
			);
			runOnlyForDeploymentPostprocessing = 0;
		};
/* End PBXFrameworksBuildPhase section */

/* Begin PBXGroup section */
		2F8DA3652AFC01BB009B1412 /* Focus */ = {
			isa = PBXGroup;
			children = (
				2FA730FB2AF8151D00346089 /* FocusView.swift */,
				2F8DA3662AFC01CD009B1412 /* PomodoroView.swift */,
				2F8DA3682AFC01DB009B1412 /* BreakView.swift */,
			);
			path = Focus;
			sourceTree = "<group>";
		};
		2FB61D742AFC0E1A0033D82D /* Stopwatch */ = {
			isa = PBXGroup;
			children = (
				2FA730F92AF80ACF00346089 /* StopwatchView.swift */,
				2FB61D752AFC0E3E0033D82D /* StopwatchManager.swift */,
			);
			path = Stopwatch;
			sourceTree = "<group>";
		};
		2FD4C9702AF7F9AD007E381B = {
			isa = PBXGroup;
			children = (
				2FD4C97B2AF7F9AD007E381B /* Tick Tack */,
				2FD4C97A2AF7F9AD007E381B /* Products */,
			);
			sourceTree = "<group>";
		};
		2FD4C97A2AF7F9AD007E381B /* Products */ = {
			isa = PBXGroup;
			children = (
				2FD4C9792AF7F9AD007E381B /* Tick Tack.app */,
			);
			name = Products;
			sourceTree = "<group>";
		};
		2FD4C97B2AF7F9AD007E381B /* Tick Tack */ = {
			isa = PBXGroup;
			children = (
				2FD4C98B2AF7FC33007E381B /* View */,
				2FD4C97C2AF7F9AD007E381B /* TickTack.swift */,
				2FD4C9802AF7F9AE007E381B /* Assets.xcassets */,
				2FD4C9822AF7F9AE007E381B /* Tick_Tack.entitlements */,
				2FD4C9832AF7F9AE007E381B /* Preview Content */,
			);
			path = "Tick Tack";
			sourceTree = "<group>";
		};
		2FD4C9832AF7F9AE007E381B /* Preview Content */ = {
			isa = PBXGroup;
			children = (
				2FD4C9842AF7F9AE007E381B /* Preview Assets.xcassets */,
			);
			path = "Preview Content";
			sourceTree = "<group>";
		};
		2FD4C98B2AF7FC33007E381B /* View */ = {
			isa = PBXGroup;
			children = (
				2F0DFD952AFA902F0085A9D1 /* TimerView.swift */,
				2FD4C97E2AF7F9AD007E381B /* ContentView.swift */,
				2FD4C98C2AF7FC49007E381B /* AboutView.swift */,
				2FAD0F2D2AF9593A00A53935 /* SettingsView.swift */,
				2FB61D742AFC0E1A0033D82D /* Stopwatch */,
				2F8DA3652AFC01BB009B1412 /* Focus */,
			);
			path = View;
			sourceTree = "<group>";
		};
/* End PBXGroup section */

/* Begin PBXNativeTarget section */
		2FD4C9782AF7F9AD007E381B /* Tick Tack */ = {
			isa = PBXNativeTarget;
			buildConfigurationList = 2FD4C9882AF7F9AE007E381B /* Build configuration list for PBXNativeTarget "Tick Tack" */;
			buildPhases = (
				2FD4C9752AF7F9AD007E381B /* Sources */,
				2FD4C9762AF7F9AD007E381B /* Frameworks */,
				2FD4C9772AF7F9AD007E381B /* Resources */,
			);
			buildRules = (
			);
			dependencies = (
			);
			name = "Tick Tack";
			packageProductDependencies = (
			);
			productName = "Tick Tack";
			productReference = 2FD4C9792AF7F9AD007E381B /* Tick Tack.app */;
			productType = "com.apple.product-type.application";
		};
/* End PBXNativeTarget section */

/* Begin PBXProject section */
		2FD4C9712AF7F9AD007E381B /* Project object */ = {
			isa = PBXProject;
			attributes = {
				BuildIndependentTargetsInParallel = 1;
				LastSwiftUpdateCheck = 1500;
				LastUpgradeCheck = 1500;
				TargetAttributes = {
					2FD4C9782AF7F9AD007E381B = {
						CreatedOnToolsVersion = 15.0.1;
					};
				};
			};
			buildConfigurationList = 2FD4C9742AF7F9AD007E381B /* Build configuration list for PBXProject "Tick Tack" */;
			compatibilityVersion = "Xcode 14.0";
			developmentRegion = en;
			hasScannedForEncodings = 0;
			knownRegions = (
				en,
				Base,
			);
			mainGroup = 2FD4C9702AF7F9AD007E381B;
			packageReferences = (
			);
			productRefGroup = 2FD4C97A2AF7F9AD007E381B /* Products */;
			projectDirPath = "";
			projectRoot = "";
			targets = (
				2FD4C9782AF7F9AD007E381B /* Tick Tack */,
			);
		};
/* End PBXProject section */

/* Begin PBXResourcesBuildPhase section */
		2FD4C9772AF7F9AD007E381B /* Resources */ = {
			isa = PBXResourcesBuildPhase;
			buildActionMask = 2147483647;
			files = (
				2FD4C9852AF7F9AE007E381B /* Preview Assets.xcassets in Resources */,
				2FD4C9812AF7F9AE007E381B /* Assets.xcassets in Resources */,
			);
			runOnlyForDeploymentPostprocessing = 0;
		};
/* End PBXResourcesBuildPhase section */

/* Begin PBXSourcesBuildPhase section */
		2FD4C9752AF7F9AD007E381B /* Sources */ = {
			isa = PBXSourcesBuildPhase;
			buildActionMask = 2147483647;
			files = (
				2F8DA3692AFC01DB009B1412 /* BreakView.swift in Sources */,
				2F0DFD962AFA902F0085A9D1 /* TimerView.swift in Sources */,
				2FAD0F2E2AF9593A00A53935 /* SettingsView.swift in Sources */,
				2FA730FC2AF8151D00346089 /* FocusView.swift in Sources */,
				2FD4C97F2AF7F9AD007E381B /* ContentView.swift in Sources */,
				2FA730FA2AF80ACF00346089 /* StopwatchView.swift in Sources */,
				2FD4C98D2AF7FC49007E381B /* AboutView.swift in Sources */,
				2FD4C97D2AF7F9AD007E381B /* TickTack.swift in Sources */,
				2F8DA3672AFC01CD009B1412 /* PomodoroView.swift in Sources */,
				2FB61D762AFC0E3E0033D82D /* StopwatchManager.swift in Sources */,
			);
			runOnlyForDeploymentPostprocessing = 0;
		};
/* End PBXSourcesBuildPhase section */

/* Begin XCBuildConfiguration section */
		2FD4C9862AF7F9AE007E381B /* Debug */ = {
			isa = XCBuildConfiguration;
			buildSettings = {
				ALWAYS_SEARCH_USER_PATHS = NO;
				ASSETCATALOG_COMPILER_GENERATE_SWIFT_ASSET_SYMBOL_EXTENSIONS = YES;
				CLANG_ANALYZER_NONNULL = YES;
				CLANG_ANALYZER_NUMBER_OBJECT_CONVERSION = YES_AGGRESSIVE;
				CLANG_CXX_LANGUAGE_STANDARD = "gnu++20";
				CLANG_ENABLE_MODULES = YES;
				CLANG_ENABLE_OBJC_ARC = YES;
				CLANG_ENABLE_OBJC_WEAK = YES;
				CLANG_WARN_BLOCK_CAPTURE_AUTORELEASING = YES;
				CLANG_WARN_BOOL_CONVERSION = YES;
				CLANG_WARN_COMMA = YES;
				CLANG_WARN_CONSTANT_CONVERSION = YES;
				CLANG_WARN_DEPRECATED_OBJC_IMPLEMENTATIONS = YES;
				CLANG_WARN_DIRECT_OBJC_ISA_USAGE = YES_ERROR;
				CLANG_WARN_DOCUMENTATION_COMMENTS = YES;
				CLANG_WARN_EMPTY_BODY = YES;
				CLANG_WARN_ENUM_CONVERSION = YES;
				CLANG_WARN_INFINITE_RECURSION = YES;
				CLANG_WARN_INT_CONVERSION = YES;
				CLANG_WARN_NON_LITERAL_NULL_CONVERSION = YES;
				CLANG_WARN_OBJC_IMPLICIT_RETAIN_SELF = YES;
				CLANG_WARN_OBJC_LITERAL_CONVERSION = YES;
				CLANG_WARN_OBJC_ROOT_CLASS = YES_ERROR;
				CLANG_WARN_QUOTED_INCLUDE_IN_FRAMEWORK_HEADER = YES;
				CLANG_WARN_RANGE_LOOP_ANALYSIS = YES;
				CLANG_WARN_STRICT_PROTOTYPES = YES;
				CLANG_WARN_SUSPICIOUS_MOVE = YES;
				CLANG_WARN_UNGUARDED_AVAILABILITY = YES_AGGRESSIVE;
				CLANG_WARN_UNREACHABLE_CODE = YES;
				CLANG_WARN__DUPLICATE_METHOD_MATCH = YES;
				COPY_PHASE_STRIP = NO;
				DEBUG_INFORMATION_FORMAT = dwarf;
				ENABLE_STRICT_OBJC_MSGSEND = YES;
				ENABLE_TESTABILITY = YES;
				ENABLE_USER_SCRIPT_SANDBOXING = YES;
				GCC_C_LANGUAGE_STANDARD = gnu17;
				GCC_DYNAMIC_NO_PIC = NO;
				GCC_NO_COMMON_BLOCKS = YES;
				GCC_OPTIMIZATION_LEVEL = 0;
				GCC_PREPROCESSOR_DEFINITIONS = (
					"DEBUG=1",
					"$(inherited)",
				);
				GCC_WARN_64_TO_32_BIT_CONVERSION = YES;
				GCC_WARN_ABOUT_RETURN_TYPE = YES_ERROR;
				GCC_WARN_UNDECLARED_SELECTOR = YES;
				GCC_WARN_UNINITIALIZED_AUTOS = YES_AGGRESSIVE;
				GCC_WARN_UNUSED_FUNCTION = YES;
				GCC_WARN_UNUSED_VARIABLE = YES;
				LOCALIZATION_PREFERS_STRING_CATALOGS = YES;
				MTL_ENABLE_DEBUG_INFO = INCLUDE_SOURCE;
				MTL_FAST_MATH = YES;
				ONLY_ACTIVE_ARCH = YES;
				SWIFT_ACTIVE_COMPILATION_CONDITIONS = "DEBUG $(inherited)";
				SWIFT_OPTIMIZATION_LEVEL = "-Onone";
			};
			name = Debug;
		};
		2FD4C9872AF7F9AE007E381B /* Release */ = {
			isa = XCBuildConfiguration;
			buildSettings = {
				ALWAYS_SEARCH_USER_PATHS = NO;
				ASSETCATALOG_COMPILER_GENERATE_SWIFT_ASSET_SYMBOL_EXTENSIONS = YES;
				CLANG_ANALYZER_NONNULL = YES;
				CLANG_ANALYZER_NUMBER_OBJECT_CONVERSION = YES_AGGRESSIVE;
				CLANG_CXX_LANGUAGE_STANDARD = "gnu++20";
				CLANG_ENABLE_MODULES = YES;
				CLANG_ENABLE_OBJC_ARC = YES;
				CLANG_ENABLE_OBJC_WEAK = YES;
				CLANG_WARN_BLOCK_CAPTURE_AUTORELEASING = YES;
				CLANG_WARN_BOOL_CONVERSION = YES;
				CLANG_WARN_COMMA = YES;
				CLANG_WARN_CONSTANT_CONVERSION = YES;
				CLANG_WARN_DEPRECATED_OBJC_IMPLEMENTATIONS = YES;
				CLANG_WARN_DIRECT_OBJC_ISA_USAGE = YES_ERROR;
				CLANG_WARN_DOCUMENTATION_COMMENTS = YES;
				CLANG_WARN_EMPTY_BODY = YES;
				CLANG_WARN_ENUM_CONVERSION = YES;
				CLANG_WARN_INFINITE_RECURSION = YES;
				CLANG_WARN_INT_CONVERSION = YES;
				CLANG_WARN_NON_LITERAL_NULL_CONVERSION = YES;
				CLANG_WARN_OBJC_IMPLICIT_RETAIN_SELF = YES;
				CLANG_WARN_OBJC_LITERAL_CONVERSION = YES;
				CLANG_WARN_OBJC_ROOT_CLASS = YES_ERROR;
				CLANG_WARN_QUOTED_INCLUDE_IN_FRAMEWORK_HEADER = YES;
				CLANG_WARN_RANGE_LOOP_ANALYSIS = YES;
				CLANG_WARN_STRICT_PROTOTYPES = YES;
				CLANG_WARN_SUSPICIOUS_MOVE = YES;
				CLANG_WARN_UNGUARDED_AVAILABILITY = YES_AGGRESSIVE;
				CLANG_WARN_UNREACHABLE_CODE = YES;
				CLANG_WARN__DUPLICATE_METHOD_MATCH = YES;
				COPY_PHASE_STRIP = NO;
				DEBUG_INFORMATION_FORMAT = "dwarf-with-dsym";
				ENABLE_NS_ASSERTIONS = NO;
				ENABLE_STRICT_OBJC_MSGSEND = YES;
				ENABLE_USER_SCRIPT_SANDBOXING = YES;
				GCC_C_LANGUAGE_STANDARD = gnu17;
				GCC_NO_COMMON_BLOCKS = YES;
				GCC_WARN_64_TO_32_BIT_CONVERSION = YES;
				GCC_WARN_ABOUT_RETURN_TYPE = YES_ERROR;
				GCC_WARN_UNDECLARED_SELECTOR = YES;
				GCC_WARN_UNINITIALIZED_AUTOS = YES_AGGRESSIVE;
				GCC_WARN_UNUSED_FUNCTION = YES;
				GCC_WARN_UNUSED_VARIABLE = YES;
				LOCALIZATION_PREFERS_STRING_CATALOGS = YES;
				MTL_ENABLE_DEBUG_INFO = NO;
				MTL_FAST_MATH = YES;
				SWIFT_COMPILATION_MODE = wholemodule;
			};
			name = Release;
		};
		2FD4C9892AF7F9AE007E381B /* Debug */ = {
			isa = XCBuildConfiguration;
			buildSettings = {
				ASSETCATALOG_COMPILER_APPICON_NAME = AppIcon;
				ASSETCATALOG_COMPILER_GLOBAL_ACCENT_COLOR_NAME = AccentColor;
				CODE_SIGN_ENTITLEMENTS = "Tick Tack/Tick_Tack.entitlements";
				CODE_SIGN_STYLE = Automatic;
				CURRENT_PROJECT_VERSION = 2;
				DEVELOPMENT_ASSET_PATHS = "\"Tick Tack/Preview Content\"";
				DEVELOPMENT_TEAM = 98PM4FCU49;
				ENABLE_PREVIEWS = YES;
				GENERATE_INFOPLIST_FILE = YES;
				INFOPLIST_KEY_CFBundleDisplayName = "Tick Tack";
				"INFOPLIST_KEY_UIApplicationSceneManifest_Generation[sdk=iphoneos*]" = YES;
				"INFOPLIST_KEY_UIApplicationSceneManifest_Generation[sdk=iphonesimulator*]" = YES;
				"INFOPLIST_KEY_UIApplicationSupportsIndirectInputEvents[sdk=iphoneos*]" = YES;
				"INFOPLIST_KEY_UIApplicationSupportsIndirectInputEvents[sdk=iphonesimulator*]" = YES;
				"INFOPLIST_KEY_UILaunchScreen_Generation[sdk=iphoneos*]" = YES;
				"INFOPLIST_KEY_UILaunchScreen_Generation[sdk=iphonesimulator*]" = YES;
				"INFOPLIST_KEY_UIStatusBarStyle[sdk=iphoneos*]" = UIStatusBarStyleDefault;
				"INFOPLIST_KEY_UIStatusBarStyle[sdk=iphonesimulator*]" = UIStatusBarStyleDefault;
				INFOPLIST_KEY_UISupportedInterfaceOrientations_iPad = "UIInterfaceOrientationPortrait UIInterfaceOrientationPortraitUpsideDown UIInterfaceOrientationLandscapeLeft UIInterfaceOrientationLandscapeRight";
				INFOPLIST_KEY_UISupportedInterfaceOrientations_iPhone = "UIInterfaceOrientationPortrait UIInterfaceOrientationLandscapeLeft UIInterfaceOrientationLandscapeRight";
				IPHONEOS_DEPLOYMENT_TARGET = 17.0;
				LD_RUNPATH_SEARCH_PATHS = "@executable_path/Frameworks";
				"LD_RUNPATH_SEARCH_PATHS[sdk=macosx*]" = "@executable_path/../Frameworks";
				MACOSX_DEPLOYMENT_TARGET = 14.0;
				MARKETING_VERSION = 1.1;
				PRODUCT_BUNDLE_IDENTIFIER = com.pedrocordeiro.TickTack;
				PRODUCT_NAME = "$(TARGET_NAME)";
				SDKROOT = auto;
				SUPPORTED_PLATFORMS = "iphoneos iphonesimulator macosx";
				SUPPORTS_MACCATALYST = NO;
				SWIFT_EMIT_LOC_STRINGS = YES;
				SWIFT_VERSION = 5.0;
				TARGETED_DEVICE_FAMILY = "1,2";
			};
			name = Debug;
		};
		2FD4C98A2AF7F9AE007E381B /* Release */ = {
			isa = XCBuildConfiguration;
			buildSettings = {
				ASSETCATALOG_COMPILER_APPICON_NAME = AppIcon;
				ASSETCATALOG_COMPILER_GLOBAL_ACCENT_COLOR_NAME = AccentColor;
				CODE_SIGN_ENTITLEMENTS = "Tick Tack/Tick_Tack.entitlements";
				CODE_SIGN_STYLE = Automatic;
				CURRENT_PROJECT_VERSION = 2;
				DEVELOPMENT_ASSET_PATHS = "\"Tick Tack/Preview Content\"";
				DEVELOPMENT_TEAM = 98PM4FCU49;
				ENABLE_PREVIEWS = YES;
				GENERATE_INFOPLIST_FILE = YES;
				INFOPLIST_KEY_CFBundleDisplayName = "Tick Tack";
				"INFOPLIST_KEY_UIApplicationSceneManifest_Generation[sdk=iphoneos*]" = YES;
				"INFOPLIST_KEY_UIApplicationSceneManifest_Generation[sdk=iphonesimulator*]" = YES;
				"INFOPLIST_KEY_UIApplicationSupportsIndirectInputEvents[sdk=iphoneos*]" = YES;
				"INFOPLIST_KEY_UIApplicationSupportsIndirectInputEvents[sdk=iphonesimulator*]" = YES;
				"INFOPLIST_KEY_UILaunchScreen_Generation[sdk=iphoneos*]" = YES;
				"INFOPLIST_KEY_UILaunchScreen_Generation[sdk=iphonesimulator*]" = YES;
				"INFOPLIST_KEY_UIStatusBarStyle[sdk=iphoneos*]" = UIStatusBarStyleDefault;
				"INFOPLIST_KEY_UIStatusBarStyle[sdk=iphonesimulator*]" = UIStatusBarStyleDefault;
				INFOPLIST_KEY_UISupportedInterfaceOrientations_iPad = "UIInterfaceOrientationPortrait UIInterfaceOrientationPortraitUpsideDown UIInterfaceOrientationLandscapeLeft UIInterfaceOrientationLandscapeRight";
				INFOPLIST_KEY_UISupportedInterfaceOrientations_iPhone = "UIInterfaceOrientationPortrait UIInterfaceOrientationLandscapeLeft UIInterfaceOrientationLandscapeRight";
				IPHONEOS_DEPLOYMENT_TARGET = 17.0;
				LD_RUNPATH_SEARCH_PATHS = "@executable_path/Frameworks";
				"LD_RUNPATH_SEARCH_PATHS[sdk=macosx*]" = "@executable_path/../Frameworks";
				MACOSX_DEPLOYMENT_TARGET = 14.0;
				MARKETING_VERSION = 1.1;
				PRODUCT_BUNDLE_IDENTIFIER = com.pedrocordeiro.TickTack;
				PRODUCT_NAME = "$(TARGET_NAME)";
				SDKROOT = auto;
				SUPPORTED_PLATFORMS = "iphoneos iphonesimulator macosx";
				SUPPORTS_MACCATALYST = NO;
				SWIFT_EMIT_LOC_STRINGS = YES;
				SWIFT_VERSION = 5.0;
				TARGETED_DEVICE_FAMILY = "1,2";
			};
			name = Release;
		};
/* End XCBuildConfiguration section */

/* Begin XCConfigurationList section */
		2FD4C9742AF7F9AD007E381B /* Build configuration list for PBXProject "Tick Tack" */ = {
			isa = XCConfigurationList;
			buildConfigurations = (
				2FD4C9862AF7F9AE007E381B /* Debug */,
				2FD4C9872AF7F9AE007E381B /* Release */,
			);
			defaultConfigurationIsVisible = 0;
			defaultConfigurationName = Release;
		};
		2FD4C9882AF7F9AE007E381B /* Build configuration list for PBXNativeTarget "Tick Tack" */ = {
			isa = XCConfigurationList;
			buildConfigurations = (
				2FD4C9892AF7F9AE007E381B /* Debug */,
				2FD4C98A2AF7F9AE007E381B /* Release */,
			);
			defaultConfigurationIsVisible = 0;
			defaultConfigurationName = Release;
		};
/* End XCConfigurationList section */
	};
	rootObject = 2FD4C9712AF7F9AD007E381B /* Project object */;
}
